// !$*UTF8*$!
{
	archiveVersion = 1;
	classes = {
	};
	objectVersion = 55;
	objects = {

/* Begin PBXBuildFile section */
		4DEBDB3167C2D729EE69C4F7 /* Pods_Netlog.framework in Frameworks */ = {isa = PBXBuildFile; fileRef = 087155A77C6B604CA99A8916 /* Pods_Netlog.framework */; };
		B902704727C001BE0015EC75 /* AppDelegate.swift in Sources */ = {isa = PBXBuildFile; fileRef = B902704627C001BE0015EC75 /* AppDelegate.swift */; };
		B902704927C001BE0015EC75 /* SceneDelegate.swift in Sources */ = {isa = PBXBuildFile; fileRef = B902704827C001BE0015EC75 /* SceneDelegate.swift */; };
		B902704B27C001BE0015EC75 /* PostsVC.swift in Sources */ = {isa = PBXBuildFile; fileRef = B902704A27C001BE0015EC75 /* PostsVC.swift */; };
		B902704E27C001BE0015EC75 /* Main.storyboard in Resources */ = {isa = PBXBuildFile; fileRef = B902704C27C001BE0015EC75 /* Main.storyboard */; };
		B902705027C001BF0015EC75 /* Assets.xcassets in Resources */ = {isa = PBXBuildFile; fileRef = B902704F27C001BF0015EC75 /* Assets.xcassets */; };
		B902705327C001BF0015EC75 /* LaunchScreen.storyboard in Resources */ = {isa = PBXBuildFile; fileRef = B902705127C001BF0015EC75 /* LaunchScreen.storyboard */; };
		B902705B27C001CC0015EC75 /* Service.swift in Sources */ = {isa = PBXBuildFile; fileRef = B902705A27C001CC0015EC75 /* Service.swift */; };
		B902705D27C001E20015EC75 /* CustomSession.swift in Sources */ = {isa = PBXBuildFile; fileRef = B902705C27C001E20015EC75 /* CustomSession.swift */; };
		B902705F27C002240015EC75 /* PostsModel.swift in Sources */ = {isa = PBXBuildFile; fileRef = B902705E27C002240015EC75 /* PostsModel.swift */; };
		B9815F9127C00831008D4006 /* PostsTableViewCell.swift in Sources */ = {isa = PBXBuildFile; fileRef = B9815F8F27C00831008D4006 /* PostsTableViewCell.swift */; };
		B9815F9227C00831008D4006 /* PostsTableViewCell.xib in Resources */ = {isa = PBXBuildFile; fileRef = B9815F9027C00831008D4006 /* PostsTableViewCell.xib */; };
		B9815F9427C00AB0008D4006 /* PostCommentModel.swift in Sources */ = {isa = PBXBuildFile; fileRef = B9815F9327C00AB0008D4006 /* PostCommentModel.swift */; };
		B99315EC27C426EC00EF2EE1 /* PostDetailVC.swift in Sources */ = {isa = PBXBuildFile; fileRef = B99315EB27C426EC00EF2EE1 /* PostDetailVC.swift */; };
		B99315EF27C42E0400EF2EE1 /* PostDetailTableViewCell.swift in Sources */ = {isa = PBXBuildFile; fileRef = B99315ED27C42E0400EF2EE1 /* PostDetailTableViewCell.swift */; };
		B99315F027C42E0400EF2EE1 /* PostDetailTableViewCell.xib in Resources */ = {isa = PBXBuildFile; fileRef = B99315EE27C42E0400EF2EE1 /* PostDetailTableViewCell.xib */; };
		B99315F227C4342A00EF2EE1 /* CardView.swift in Sources */ = {isa = PBXBuildFile; fileRef = B99315F127C4342A00EF2EE1 /* CardView.swift */; };
		B997E8BD27C6384E0053F6F2 /* UsersTableViewCell.swift in Sources */ = {isa = PBXBuildFile; fileRef = B997E8BB27C6384E0053F6F2 /* UsersTableViewCell.swift */; };
		B997E8BE27C6384E0053F6F2 /* UsersTableViewCell.xib in Resources */ = {isa = PBXBuildFile; fileRef = B997E8BC27C6384E0053F6F2 /* UsersTableViewCell.xib */; };
		B9D7C20F27C4D29F00689465 /* UsersModel.swift in Sources */ = {isa = PBXBuildFile; fileRef = B9D7C20E27C4D29F00689465 /* UsersModel.swift */; };
		B9D7C21127C4D3A800689465 /* UsersVC.swift in Sources */ = {isa = PBXBuildFile; fileRef = B9D7C21027C4D3A800689465 /* UsersVC.swift */; };
/* End PBXBuildFile section */

/* Begin PBXFileReference section */
		087155A77C6B604CA99A8916 /* Pods_Netlog.framework */ = {isa = PBXFileReference; explicitFileType = wrapper.framework; includeInIndex = 0; path = Pods_Netlog.framework; sourceTree = BUILT_PRODUCTS_DIR; };
		B902704327C001BE0015EC75 /* Netlog.app */ = {isa = PBXFileReference; explicitFileType = wrapper.application; includeInIndex = 0; path = Netlog.app; sourceTree = BUILT_PRODUCTS_DIR; };
		B902704627C001BE0015EC75 /* AppDelegate.swift */ = {isa = PBXFileReference; lastKnownFileType = sourcecode.swift; path = AppDelegate.swift; sourceTree = "<group>"; };
		B902704827C001BE0015EC75 /* SceneDelegate.swift */ = {isa = PBXFileReference; lastKnownFileType = sourcecode.swift; path = SceneDelegate.swift; sourceTree = "<group>"; };
		B902704A27C001BE0015EC75 /* PostsVC.swift */ = {isa = PBXFileReference; lastKnownFileType = sourcecode.swift; path = PostsVC.swift; sourceTree = "<group>"; };
		B902704D27C001BE0015EC75 /* Base */ = {isa = PBXFileReference; lastKnownFileType = file.storyboard; name = Base; path = Base.lproj/Main.storyboard; sourceTree = "<group>"; };
		B902704F27C001BF0015EC75 /* Assets.xcassets */ = {isa = PBXFileReference; lastKnownFileType = folder.assetcatalog; path = Assets.xcassets; sourceTree = "<group>"; };
		B902705227C001BF0015EC75 /* Base */ = {isa = PBXFileReference; lastKnownFileType = file.storyboard; name = Base; path = Base.lproj/LaunchScreen.storyboard; sourceTree = "<group>"; };
		B902705427C001BF0015EC75 /* Info.plist */ = {isa = PBXFileReference; lastKnownFileType = text.plist.xml; path = Info.plist; sourceTree = "<group>"; };
		B902705A27C001CC0015EC75 /* Service.swift */ = {isa = PBXFileReference; lastKnownFileType = sourcecode.swift; path = Service.swift; sourceTree = "<group>"; };
		B902705C27C001E20015EC75 /* CustomSession.swift */ = {isa = PBXFileReference; lastKnownFileType = sourcecode.swift; path = CustomSession.swift; sourceTree = "<group>"; };
		B902705E27C002240015EC75 /* PostsModel.swift */ = {isa = PBXFileReference; lastKnownFileType = sourcecode.swift; path = PostsModel.swift; sourceTree = "<group>"; };
		B9815F8F27C00831008D4006 /* PostsTableViewCell.swift */ = {isa = PBXFileReference; lastKnownFileType = sourcecode.swift; path = PostsTableViewCell.swift; sourceTree = "<group>"; };
		B9815F9027C00831008D4006 /* PostsTableViewCell.xib */ = {isa = PBXFileReference; lastKnownFileType = file.xib; path = PostsTableViewCell.xib; sourceTree = "<group>"; };
		B9815F9327C00AB0008D4006 /* PostCommentModel.swift */ = {isa = PBXFileReference; lastKnownFileType = sourcecode.swift; path = PostCommentModel.swift; sourceTree = "<group>"; };
		B99315EB27C426EC00EF2EE1 /* PostDetailVC.swift */ = {isa = PBXFileReference; lastKnownFileType = sourcecode.swift; path = PostDetailVC.swift; sourceTree = "<group>"; };
		B99315ED27C42E0400EF2EE1 /* PostDetailTableViewCell.swift */ = {isa = PBXFileReference; lastKnownFileType = sourcecode.swift; path = PostDetailTableViewCell.swift; sourceTree = "<group>"; };
		B99315EE27C42E0400EF2EE1 /* PostDetailTableViewCell.xib */ = {isa = PBXFileReference; lastKnownFileType = file.xib; path = PostDetailTableViewCell.xib; sourceTree = "<group>"; };
		B99315F127C4342A00EF2EE1 /* CardView.swift */ = {isa = PBXFileReference; lastKnownFileType = sourcecode.swift; path = CardView.swift; sourceTree = "<group>"; };
		B997E8BB27C6384E0053F6F2 /* UsersTableViewCell.swift */ = {isa = PBXFileReference; lastKnownFileType = sourcecode.swift; path = UsersTableViewCell.swift; sourceTree = "<group>"; };
		B997E8BC27C6384E0053F6F2 /* UsersTableViewCell.xib */ = {isa = PBXFileReference; lastKnownFileType = file.xib; path = UsersTableViewCell.xib; sourceTree = "<group>"; };
		B9D7C20E27C4D29F00689465 /* UsersModel.swift */ = {isa = PBXFileReference; lastKnownFileType = sourcecode.swift; path = UsersModel.swift; sourceTree = "<group>"; };
		B9D7C21027C4D3A800689465 /* UsersVC.swift */ = {isa = PBXFileReference; lastKnownFileType = sourcecode.swift; path = UsersVC.swift; sourceTree = "<group>"; };
		C612668AF2587470A35BF640 /* Pods-Netlog.debug.xcconfig */ = {isa = PBXFileReference; includeInIndex = 1; lastKnownFileType = text.xcconfig; name = "Pods-Netlog.debug.xcconfig"; path = "Target Support Files/Pods-Netlog/Pods-Netlog.debug.xcconfig"; sourceTree = "<group>"; };
		FEFCF5F9BBF7E14DE0E26DA8 /* Pods-Netlog.release.xcconfig */ = {isa = PBXFileReference; includeInIndex = 1; lastKnownFileType = text.xcconfig; name = "Pods-Netlog.release.xcconfig"; path = "Target Support Files/Pods-Netlog/Pods-Netlog.release.xcconfig"; sourceTree = "<group>"; };
/* End PBXFileReference section */

/* Begin PBXFrameworksBuildPhase section */
		B902704027C001BE0015EC75 /* Frameworks */ = {
			isa = PBXFrameworksBuildPhase;
			buildActionMask = 2147483647;
			files = (
				4DEBDB3167C2D729EE69C4F7 /* Pods_Netlog.framework in Frameworks */,
			);
			runOnlyForDeploymentPostprocessing = 0;
		};
/* End PBXFrameworksBuildPhase section */

/* Begin PBXGroup section */
		B902703A27C001BE0015EC75 = {
			isa = PBXGroup;
			children = (
				B902704527C001BE0015EC75 /* Netlog */,
				B902704427C001BE0015EC75 /* Products */,
				DC835C943637EB05ECC0FD40 /* Pods */,
				C7C242B6842D4A044A061985 /* Frameworks */,
			);
			sourceTree = "<group>";
		};
		B902704427C001BE0015EC75 /* Products */ = {
			isa = PBXGroup;
			children = (
				B902704327C001BE0015EC75 /* Netlog.app */,
			);
			name = Products;
			sourceTree = "<group>";
		};
		B902704527C001BE0015EC75 /* Netlog */ = {
			isa = PBXGroup;
			children = (
				B9815F8B27C004F7008D4006 /* Model */,
				B9815F8C27C004FC008D4006 /* View */,
				B9815F8D27C00505008D4006 /* ViewModel */,
				B9815F8E27C00516008D4006 /* Utils */,
				B902704627C001BE0015EC75 /* AppDelegate.swift */,
				B902704827C001BE0015EC75 /* SceneDelegate.swift */,
				B902704C27C001BE0015EC75 /* Main.storyboard */,
				B902704F27C001BF0015EC75 /* Assets.xcassets */,
				B902705127C001BF0015EC75 /* LaunchScreen.storyboard */,
				B902705427C001BF0015EC75 /* Info.plist */,
			);
			path = Netlog;
			sourceTree = "<group>";
		};
		B9815F8B27C004F7008D4006 /* Model */ = {
			isa = PBXGroup;
			children = (
				B902705E27C002240015EC75 /* PostsModel.swift */,
				B9815F9327C00AB0008D4006 /* PostCommentModel.swift */,
				B9D7C20E27C4D29F00689465 /* UsersModel.swift */,
			);
			path = Model;
			sourceTree = "<group>";
		};
		B9815F8C27C004FC008D4006 /* View */ = {
			isa = PBXGroup;
			children = (
				B902704A27C001BE0015EC75 /* PostsVC.swift */,
				B99315EB27C426EC00EF2EE1 /* PostDetailVC.swift */,
				B9D7C21027C4D3A800689465 /* UsersVC.swift */,
			);
			path = View;
			sourceTree = "<group>";
		};
		B9815F8D27C00505008D4006 /* ViewModel */ = {
			isa = PBXGroup;
			children = (
				B9815F8F27C00831008D4006 /* PostsTableViewCell.swift */,
				B9815F9027C00831008D4006 /* PostsTableViewCell.xib */,
				B99315ED27C42E0400EF2EE1 /* PostDetailTableViewCell.swift */,
				B99315EE27C42E0400EF2EE1 /* PostDetailTableViewCell.xib */,
				B997E8BB27C6384E0053F6F2 /* UsersTableViewCell.swift */,
				B997E8BC27C6384E0053F6F2 /* UsersTableViewCell.xib */,
			);
			path = ViewModel;
			sourceTree = "<group>";
		};
		B9815F8E27C00516008D4006 /* Utils */ = {
			isa = PBXGroup;
			children = (
				B902705C27C001E20015EC75 /* CustomSession.swift */,
				B902705A27C001CC0015EC75 /* Service.swift */,
				B99315F127C4342A00EF2EE1 /* CardView.swift */,
			);
			path = Utils;
			sourceTree = "<group>";
		};
		C7C242B6842D4A044A061985 /* Frameworks */ = {
			isa = PBXGroup;
			children = (
				087155A77C6B604CA99A8916 /* Pods_Netlog.framework */,
			);
			name = Frameworks;
			sourceTree = "<group>";
		};
		DC835C943637EB05ECC0FD40 /* Pods */ = {
			isa = PBXGroup;
			children = (
				C612668AF2587470A35BF640 /* Pods-Netlog.debug.xcconfig */,
				FEFCF5F9BBF7E14DE0E26DA8 /* Pods-Netlog.release.xcconfig */,
			);
			path = Pods;
			sourceTree = "<group>";
		};
/* End PBXGroup section */

/* Begin PBXNativeTarget section */
		B902704227C001BE0015EC75 /* Netlog */ = {
			isa = PBXNativeTarget;
			buildConfigurationList = B902705727C001BF0015EC75 /* Build configuration list for PBXNativeTarget "Netlog" */;
			buildPhases = (
				699DE80CE2954C774D90A241 /* [CP] Check Pods Manifest.lock */,
				B902703F27C001BE0015EC75 /* Sources */,
				B902704027C001BE0015EC75 /* Frameworks */,
				B902704127C001BE0015EC75 /* Resources */,
			);
			buildRules = (
			);
			dependencies = (
			);
			name = Netlog;
			productName = Netlog;
			productReference = B902704327C001BE0015EC75 /* Netlog.app */;
			productType = "com.apple.product-type.application";
		};
/* End PBXNativeTarget section */

/* Begin PBXProject section */
		B902703B27C001BE0015EC75 /* Project object */ = {
			isa = PBXProject;
			attributes = {
				BuildIndependentTargetsInParallel = 1;
				LastSwiftUpdateCheck = 1320;
				LastUpgradeCheck = 1320;
				TargetAttributes = {
					B902704227C001BE0015EC75 = {
						CreatedOnToolsVersion = 13.2.1;
					};
				};
			};
			buildConfigurationList = B902703E27C001BE0015EC75 /* Build configuration list for PBXProject "Netlog" */;
			compatibilityVersion = "Xcode 13.0";
			developmentRegion = en;
			hasScannedForEncodings = 0;
			knownRegions = (
				en,
				Base,
			);
			mainGroup = B902703A27C001BE0015EC75;
			productRefGroup = B902704427C001BE0015EC75 /* Products */;
			projectDirPath = "";
			projectRoot = "";
			targets = (
				B902704227C001BE0015EC75 /* Netlog */,
			);
		};
/* End PBXProject section */

/* Begin PBXResourcesBuildPhase section */
		B902704127C001BE0015EC75 /* Resources */ = {
			isa = PBXResourcesBuildPhase;
			buildActionMask = 2147483647;
			files = (
				B902705327C001BF0015EC75 /* LaunchScreen.storyboard in Resources */,
				B99315F027C42E0400EF2EE1 /* PostDetailTableViewCell.xib in Resources */,
				B997E8BE27C6384E0053F6F2 /* UsersTableViewCell.xib in Resources */,
				B902705027C001BF0015EC75 /* Assets.xcassets in Resources */,
				B902704E27C001BE0015EC75 /* Main.storyboard in Resources */,
				B9815F9227C00831008D4006 /* PostsTableViewCell.xib in Resources */,
			);
			runOnlyForDeploymentPostprocessing = 0;
		};
/* End PBXResourcesBuildPhase section */

/* Begin PBXShellScriptBuildPhase section */
		699DE80CE2954C774D90A241 /* [CP] Check Pods Manifest.lock */ = {
			isa = PBXShellScriptBuildPhase;
			buildActionMask = 2147483647;
			files = (
			);
			inputFileListPaths = (
			);
			inputPaths = (
				"${PODS_PODFILE_DIR_PATH}/Podfile.lock",
				"${PODS_ROOT}/Manifest.lock",
			);
			name = "[CP] Check Pods Manifest.lock";
			outputFileListPaths = (
			);
			outputPaths = (
				"$(DERIVED_FILE_DIR)/Pods-Netlog-checkManifestLockResult.txt",
			);
			runOnlyForDeploymentPostprocessing = 0;
			shellPath = /bin/sh;
			shellScript = "diff \"${PODS_PODFILE_DIR_PATH}/Podfile.lock\" \"${PODS_ROOT}/Manifest.lock\" > /dev/null\nif [ $? != 0 ] ; then\n    # print error to STDERR\n    echo \"error: The sandbox is not in sync with the Podfile.lock. Run 'pod install' or update your CocoaPods installation.\" >&2\n    exit 1\nfi\n# This output is used by Xcode 'outputs' to avoid re-running this script phase.\necho \"SUCCESS\" > \"${SCRIPT_OUTPUT_FILE_0}\"\n";
			showEnvVarsInLog = 0;
		};
/* End PBXShellScriptBuildPhase section */

/* Begin PBXSourcesBuildPhase section */
		B902703F27C001BE0015EC75 /* Sources */ = {
			isa = PBXSourcesBuildPhase;
			buildActionMask = 2147483647;
			files = (
				B902704B27C001BE0015EC75 /* PostsVC.swift in Sources */,
				B99315EF27C42E0400EF2EE1 /* PostDetailTableViewCell.swift in Sources */,
				B9D7C20F27C4D29F00689465 /* UsersModel.swift in Sources */,
				B902705B27C001CC0015EC75 /* Service.swift in Sources */,
				B902704727C001BE0015EC75 /* AppDelegate.swift in Sources */,
				B902704927C001BE0015EC75 /* SceneDelegate.swift in Sources */,
				B9815F9427C00AB0008D4006 /* PostCommentModel.swift in Sources */,
				B902705D27C001E20015EC75 /* CustomSession.swift in Sources */,
				B902705F27C002240015EC75 /* PostsModel.swift in Sources */,
				B9D7C21127C4D3A800689465 /* UsersVC.swift in Sources */,
				B997E8BD27C6384E0053F6F2 /* UsersTableViewCell.swift in Sources */,
				B99315EC27C426EC00EF2EE1 /* PostDetailVC.swift in Sources */,
				B99315F227C4342A00EF2EE1 /* CardView.swift in Sources */,
				B9815F9127C00831008D4006 /* PostsTableViewCell.swift in Sources */,
			);
			runOnlyForDeploymentPostprocessing = 0;
		};
/* End PBXSourcesBuildPhase section */

/* Begin PBXVariantGroup section */
		B902704C27C001BE0015EC75 /* Main.storyboard */ = {
			isa = PBXVariantGroup;
			children = (
				B902704D27C001BE0015EC75 /* Base */,
			);
			name = Main.storyboard;
			sourceTree = "<group>";
		};
		B902705127C001BF0015EC75 /* LaunchScreen.storyboard */ = {
			isa = PBXVariantGroup;
			children = (
				B902705227C001BF0015EC75 /* Base */,
			);
			name = LaunchScreen.storyboard;
			sourceTree = "<group>";
		};
/* End PBXVariantGroup section */

/* Begin XCBuildConfiguration section */
		B902705527C001BF0015EC75 /* Debug */ = {
			isa = XCBuildConfiguration;
			buildSettings = {
				ALWAYS_SEARCH_USER_PATHS = NO;
				CLANG_ANALYZER_NONNULL = YES;
				CLANG_ANALYZER_NUMBER_OBJECT_CONVERSION = YES_AGGRESSIVE;
				CLANG_CXX_LANGUAGE_STANDARD = "gnu++17";
				CLANG_CXX_LIBRARY = "libc++";
				CLANG_ENABLE_MODULES = YES;
				CLANG_ENABLE_OBJC_ARC = YES;
				CLANG_ENABLE_OBJC_WEAK = YES;
				CLANG_WARN_BLOCK_CAPTURE_AUTORELEASING = YES;
				CLANG_WARN_BOOL_CONVERSION = YES;
				CLANG_WARN_COMMA = YES;
				CLANG_WARN_CONSTANT_CONVERSION = YES;
				CLANG_WARN_DEPRECATED_OBJC_IMPLEMENTATIONS = YES;
				CLANG_WARN_DIRECT_OBJC_ISA_USAGE = YES_ERROR;
				CLANG_WARN_DOCUMENTATION_COMMENTS = YES;
				CLANG_WARN_EMPTY_BODY = YES;
				CLANG_WARN_ENUM_CONVERSION = YES;
				CLANG_WARN_INFINITE_RECURSION = YES;
				CLANG_WARN_INT_CONVERSION = YES;
				CLANG_WARN_NON_LITERAL_NULL_CONVERSION = YES;
				CLANG_WARN_OBJC_IMPLICIT_RETAIN_SELF = YES;
				CLANG_WARN_OBJC_LITERAL_CONVERSION = YES;
				CLANG_WARN_OBJC_ROOT_CLASS = YES_ERROR;
				CLANG_WARN_QUOTED_INCLUDE_IN_FRAMEWORK_HEADER = YES;
				CLANG_WARN_RANGE_LOOP_ANALYSIS = YES;
				CLANG_WARN_STRICT_PROTOTYPES = YES;
				CLANG_WARN_SUSPICIOUS_MOVE = YES;
				CLANG_WARN_UNGUARDED_AVAILABILITY = YES_AGGRESSIVE;
				CLANG_WARN_UNREACHABLE_CODE = YES;
				CLANG_WARN__DUPLICATE_METHOD_MATCH = YES;
				COPY_PHASE_STRIP = NO;
				DEBUG_INFORMATION_FORMAT = dwarf;
				ENABLE_STRICT_OBJC_MSGSEND = YES;
				ENABLE_TESTABILITY = YES;
				GCC_C_LANGUAGE_STANDARD = gnu11;
				GCC_DYNAMIC_NO_PIC = NO;
				GCC_NO_COMMON_BLOCKS = YES;
				GCC_OPTIMIZATION_LEVEL = 0;
				GCC_PREPROCESSOR_DEFINITIONS = (
					"DEBUG=1",
					"$(inherited)",
				);
				GCC_WARN_64_TO_32_BIT_CONVERSION = YES;
				GCC_WARN_ABOUT_RETURN_TYPE = YES_ERROR;
				GCC_WARN_UNDECLARED_SELECTOR = YES;
				GCC_WARN_UNINITIALIZED_AUTOS = YES_AGGRESSIVE;
				GCC_WARN_UNUSED_FUNCTION = YES;
				GCC_WARN_UNUSED_VARIABLE = YES;
				IPHONEOS_DEPLOYMENT_TARGET = 15.2;
				MTL_ENABLE_DEBUG_INFO = INCLUDE_SOURCE;
				MTL_FAST_MATH = YES;
				ONLY_ACTIVE_ARCH = YES;
				SDKROOT = iphoneos;
				SWIFT_ACTIVE_COMPILATION_CONDITIONS = DEBUG;
				SWIFT_OPTIMIZATION_LEVEL = "-Onone";
			};
			name = Debug;
		};
		B902705627C001BF0015EC75 /* Release */ = {
			isa = XCBuildConfiguration;
			buildSettings = {
				ALWAYS_SEARCH_USER_PATHS = NO;
				CLANG_ANALYZER_NONNULL = YES;
				CLANG_ANALYZER_NUMBER_OBJECT_CONVERSION = YES_AGGRESSIVE;
				CLANG_CXX_LANGUAGE_STANDARD = "gnu++17";
				CLANG_CXX_LIBRARY = "libc++";
				CLANG_ENABLE_MODULES = YES;
				CLANG_ENABLE_OBJC_ARC = YES;
				CLANG_ENABLE_OBJC_WEAK = YES;
				CLANG_WARN_BLOCK_CAPTURE_AUTORELEASING = YES;
				CLANG_WARN_BOOL_CONVERSION = YES;
				CLANG_WARN_COMMA = YES;
				CLANG_WARN_CONSTANT_CONVERSION = YES;
				CLANG_WARN_DEPRECATED_OBJC_IMPLEMENTATIONS = YES;
				CLANG_WARN_DIRECT_OBJC_ISA_USAGE = YES_ERROR;
				CLANG_WARN_DOCUMENTATION_COMMENTS = YES;
				CLANG_WARN_EMPTY_BODY = YES;
				CLANG_WARN_ENUM_CONVERSION = YES;
				CLANG_WARN_INFINITE_RECURSION = YES;
				CLANG_WARN_INT_CONVERSION = YES;
				CLANG_WARN_NON_LITERAL_NULL_CONVERSION = YES;
				CLANG_WARN_OBJC_IMPLICIT_RETAIN_SELF = YES;
				CLANG_WARN_OBJC_LITERAL_CONVERSION = YES;
				CLANG_WARN_OBJC_ROOT_CLASS = YES_ERROR;
				CLANG_WARN_QUOTED_INCLUDE_IN_FRAMEWORK_HEADER = YES;
				CLANG_WARN_RANGE_LOOP_ANALYSIS = YES;
				CLANG_WARN_STRICT_PROTOTYPES = YES;
				CLANG_WARN_SUSPICIOUS_MOVE = YES;
				CLANG_WARN_UNGUARDED_AVAILABILITY = YES_AGGRESSIVE;
				CLANG_WARN_UNREACHABLE_CODE = YES;
				CLANG_WARN__DUPLICATE_METHOD_MATCH = YES;
				COPY_PHASE_STRIP = NO;
				DEBUG_INFORMATION_FORMAT = "dwarf-with-dsym";
				ENABLE_NS_ASSERTIONS = NO;
				ENABLE_STRICT_OBJC_MSGSEND = YES;
				GCC_C_LANGUAGE_STANDARD = gnu11;
				GCC_NO_COMMON_BLOCKS = YES;
				GCC_WARN_64_TO_32_BIT_CONVERSION = YES;
				GCC_WARN_ABOUT_RETURN_TYPE = YES_ERROR;
				GCC_WARN_UNDECLARED_SELECTOR = YES;
				GCC_WARN_UNINITIALIZED_AUTOS = YES_AGGRESSIVE;
				GCC_WARN_UNUSED_FUNCTION = YES;
				GCC_WARN_UNUSED_VARIABLE = YES;
				IPHONEOS_DEPLOYMENT_TARGET = 15.2;
				MTL_ENABLE_DEBUG_INFO = NO;
				MTL_FAST_MATH = YES;
				SDKROOT = iphoneos;
				SWIFT_COMPILATION_MODE = wholemodule;
				SWIFT_OPTIMIZATION_LEVEL = "-O";
				VALIDATE_PRODUCT = YES;
			};
			name = Release;
		};
		B902705827C001BF0015EC75 /* Debug */ = {
			isa = XCBuildConfiguration;
			baseConfigurationReference = C612668AF2587470A35BF640 /* Pods-Netlog.debug.xcconfig */;
			buildSettings = {
				ASSETCATALOG_COMPILER_APPICON_NAME = AppIcon;
				ASSETCATALOG_COMPILER_GLOBAL_ACCENT_COLOR_NAME = AccentColor;
				CODE_SIGN_STYLE = Automatic;
				CURRENT_PROJECT_VERSION = 1;
				DEVELOPMENT_TEAM = QJS4FJ5R3Z;
				GENERATE_INFOPLIST_FILE = YES;
				INFOPLIST_FILE = Netlog/Info.plist;
				INFOPLIST_KEY_UIApplicationSupportsIndirectInputEvents = YES;
				INFOPLIST_KEY_UILaunchStoryboardName = LaunchScreen;
				INFOPLIST_KEY_UIMainStoryboardFile = Main;
				INFOPLIST_KEY_UISupportedInterfaceOrientations_iPad = "UIInterfaceOrientationPortrait UIInterfaceOrientationPortraitUpsideDown UIInterfaceOrientationLandscapeLeft UIInterfaceOrientationLandscapeRight";
				INFOPLIST_KEY_UISupportedInterfaceOrientations_iPhone = "UIInterfaceOrientationPortrait UIInterfaceOrientationLandscapeLeft UIInterfaceOrientationLandscapeRight";
				LD_RUNPATH_SEARCH_PATHS = (
					"$(inherited)",
					"@executable_path/Frameworks",
				);
				MARKETING_VERSION = 1.0;
				PRODUCT_BUNDLE_IDENTIFIER = com.Onur.Netlog;
				PRODUCT_NAME = "$(TARGET_NAME)";
				SWIFT_EMIT_LOC_STRINGS = YES;
				SWIFT_VERSION = 5.0;
				TARGETED_DEVICE_FAMILY = "1,2";
			};
			name = Debug;
		};
		B902705927C001BF0015EC75 /* Release */ = {
			isa = XCBuildConfiguration;
			baseConfigurationReference = FEFCF5F9BBF7E14DE0E26DA8 /* Pods-Netlog.release.xcconfig */;
			buildSettings = {
				ASSETCATALOG_COMPILER_APPICON_NAME = AppIcon;
				ASSETCATALOG_COMPILER_GLOBAL_ACCENT_COLOR_NAME = AccentColor;
				CODE_SIGN_STYLE = Automatic;
				CURRENT_PROJECT_VERSION = 1;
				DEVELOPMENT_TEAM = QJS4FJ5R3Z;
				GENERATE_INFOPLIST_FILE = YES;
				INFOPLIST_FILE = Netlog/Info.plist;
				INFOPLIST_KEY_UIApplicationSupportsIndirectInputEvents = YES;
				INFOPLIST_KEY_UILaunchStoryboardName = LaunchScreen;
				INFOPLIST_KEY_UIMainStoryboardFile = Main;
				INFOPLIST_KEY_UISupportedInterfaceOrientations_iPad = "UIInterfaceOrientationPortrait UIInterfaceOrientationPortraitUpsideDown UIInterfaceOrientationLandscapeLeft UIInterfaceOrientationLandscapeRight";
				INFOPLIST_KEY_UISupportedInterfaceOrientations_iPhone = "UIInterfaceOrientationPortrait UIInterfaceOrientationLandscapeLeft UIInterfaceOrientationLandscapeRight";
				LD_RUNPATH_SEARCH_PATHS = (
					"$(inherited)",
					"@executable_path/Frameworks",
				);
				MARKETING_VERSION = 1.0;
				PRODUCT_BUNDLE_IDENTIFIER = com.Onur.Netlog;
				PRODUCT_NAME = "$(TARGET_NAME)";
				SWIFT_EMIT_LOC_STRINGS = YES;
				SWIFT_VERSION = 5.0;
				TARGETED_DEVICE_FAMILY = "1,2";
			};
			name = Release;
		};
/* End XCBuildConfiguration section */

/* Begin XCConfigurationList section */
		B902703E27C001BE0015EC75 /* Build configuration list for PBXProject "Netlog" */ = {
			isa = XCConfigurationList;
			buildConfigurations = (
				B902705527C001BF0015EC75 /* Debug */,
				B902705627C001BF0015EC75 /* Release */,
			);
			defaultConfigurationIsVisible = 0;
			defaultConfigurationName = Release;
		};
		B902705727C001BF0015EC75 /* Build configuration list for PBXNativeTarget "Netlog" */ = {
			isa = XCConfigurationList;
			buildConfigurations = (
				B902705827C001BF0015EC75 /* Debug */,
				B902705927C001BF0015EC75 /* Release */,
			);
			defaultConfigurationIsVisible = 0;
			defaultConfigurationName = Release;
		};
/* End XCConfigurationList section */
	};
	rootObject = B902703B27C001BE0015EC75 /* Project object */;
}
